
Microsoft Visual Studio Solution File, Format Version 12.00
# Visual Studio Version 17
VisualStudioVersion = 17.0.32014.148
MinimumVisualStudioVersion = 10.0.40219.1
Project("{FAE04EC0-301F-11D3-BF4B-00C04F79EFBC}") = "pwnagotchi", "pwnagotchi\pwnagotchi.csproj", "{C5034D05-0B2F-4355-AD3D-158E513BA856}"
EndProject
Global
	GlobalSection(SolutionConfigurationPlatforms) = preSolution
		Debug|Any CPU = Debug|Any CPU
		Release|Any CPU = Release|Any CPU
	EndGlobalSection
	GlobalSection(ProjectConfigurationPlatforms) = postSolution
		{C5034D05-0B2F-4355-AD3D-158E513BA856}.Debug|Any CPU.ActiveCfg = Debug|Any CPU
		{C5034D05-0B2F-4355-AD3D-158E513BA856}.Debug|Any CPU.Build.0 = Debug|Any CPU
		{C5034D05-0B2F-4355-AD3D-158E513BA856}.Release|Any CPU.ActiveCfg = Release|Any CPU
		{C5034D05-0B2F-4355-AD3D-158E513BA856}.Release|Any CPU.Build.0 = Release|Any CPU
	EndGlobalSection
	GlobalSection(SolutionProperties) = preSolution
		HideSolutionNode = FALSE
	EndGlobalSection
	GlobalSection(ExtensibilityGlobals) = postSolution
		SolutionGuid = {E518E9F5-2EF9-47AD-90F4-E5C4F3B9E314}
	EndGlobalSection
EndGlobal
